
Microsoft Visual Studio Solution File, Format Version 12.00
# Visual Studio 15
VisualStudioVersion = 15.0.26430.16
MinimumVisualStudioVersion = 10.0.40219.1
Project("{FAE04EC0-301F-11D3-BF4B-00C04F79EFBC}") = "HoraDoRango", "HoraDoRango\HoraDoRango.csproj", "{3A53B9F6-042A-4C79-B034-5F54851B4D7B}"
EndProject
Project("{2150E333-8FDC-42A3-9474-1A3956D46DE8}") = "1.Presentation", "1.Presentation", "{326E843B-428E-4E65-ADF2-25461012C70D}"
EndProject
Project("{2150E333-8FDC-42A3-9474-1A3956D46DE8}") = "2.Api", "2.Api", "{2ECD7815-2723-4CF1-87AA-B130756ACFCC}"
EndProject
Project("{2150E333-8FDC-42A3-9474-1A3956D46DE8}") = "3.BLL", "3.BLL", "{B8ADAF35-8BF8-42D2-A2ED-F56890C46E18}"
EndProject
Project("{2150E333-8FDC-42A3-9474-1A3956D46DE8}") = "4.DAL", "4.DAL", "{47126F73-BD37-40F0-B64F-03E70A9188C9}"
EndProject
Project("{2150E333-8FDC-42A3-9474-1A3956D46DE8}") = "5.Entities", "5.Entities", "{C77E9193-11E7-4268-AB9A-CF8FC502E20C}"
EndProject
Project("{2150E333-8FDC-42A3-9474-1A3956D46DE8}") = "6.Helper", "6.Helper", "{740C18EE-0B6F-4D73-8F8D-172D679E4762}"
EndProject
Project("{FAE04EC0-301F-11D3-BF4B-00C04F79EFBC}") = "HoraDoRango.Api", "HoraDoRango.Api\HoraDoRango.Api.csproj", "{6E11886A-4163-4AB8-B41B-B4BFE18196B9}"
EndProject
Project("{FAE04EC0-301F-11D3-BF4B-00C04F79EFBC}") = "HoraDoRango.DAL.Infra", "HoraDoRango.DAL.Infra\HoraDoRango.DAL.Infra.csproj", "{854F55E4-8379-4873-AC9A-98C61297023C}"
EndProject
Project("{FAE04EC0-301F-11D3-BF4B-00C04F79EFBC}") = "HoraDoRango.DAL", "HoraDoRango.DAL\HoraDoRango.DAL.csproj", "{D95C5EE4-9179-411C-AA1E-70C0C03EF768}"
EndProject
Project("{FAE04EC0-301F-11D3-BF4B-00C04F79EFBC}") = "HoraDoRango.Entities", "HoraDoRango.Entities\HoraDoRango.Entities.csproj", "{99E30C86-82AD-4047-8C96-1135DB6D5D84}"
EndProject
Project("{FAE04EC0-301F-11D3-BF4B-00C04F79EFBC}") = "HoraDoRango.Helpers", "HoraDoRango.Helpers\HoraDoRango.Helpers.csproj", "{A88A64F8-E9B1-43EF-A9D0-C82B538FE9C6}"
EndProject
Project("{FAE04EC0-301F-11D3-BF4B-00C04F79EFBC}") = "HoraDoRango.BLL", "HoraDoRango.BLL\HoraDoRango.BLL.csproj", "{CD1F1B76-DF60-4519-AFD9-E080E66BBB14}"
EndProject
Project("{FAE04EC0-301F-11D3-BF4B-00C04F79EFBC}") = "HoraDoRango.BLL.Infra", "HoraDoRango.Infra\HoraDoRango.BLL.Infra.csproj", "{36B344F1-122D-48E7-8063-005B8BC92190}"
EndProject
Global
	GlobalSection(SolutionConfigurationPlatforms) = preSolution
		Debug|Any CPU = Debug|Any CPU
		Release|Any CPU = Release|Any CPU
	EndGlobalSection
	GlobalSection(ProjectConfigurationPlatforms) = postSolution
		{3A53B9F6-042A-4C79-B034-5F54851B4D7B}.Debug|Any CPU.ActiveCfg = Debug|Any CPU
		{3A53B9F6-042A-4C79-B034-5F54851B4D7B}.Debug|Any CPU.Build.0 = Debug|Any CPU
		{3A53B9F6-042A-4C79-B034-5F54851B4D7B}.Release|Any CPU.ActiveCfg = Release|Any CPU
		{3A53B9F6-042A-4C79-B034-5F54851B4D7B}.Release|Any CPU.Build.0 = Release|Any CPU
		{6E11886A-4163-4AB8-B41B-B4BFE18196B9}.Debug|Any CPU.ActiveCfg = Debug|Any CPU
		{6E11886A-4163-4AB8-B41B-B4BFE18196B9}.Debug|Any CPU.Build.0 = Debug|Any CPU
		{6E11886A-4163-4AB8-B41B-B4BFE18196B9}.Release|Any CPU.ActiveCfg = Release|Any CPU
		{6E11886A-4163-4AB8-B41B-B4BFE18196B9}.Release|Any CPU.Build.0 = Release|Any CPU
		{854F55E4-8379-4873-AC9A-98C61297023C}.Debug|Any CPU.ActiveCfg = Debug|Any CPU
		{854F55E4-8379-4873-AC9A-98C61297023C}.Debug|Any CPU.Build.0 = Debug|Any CPU
		{854F55E4-8379-4873-AC9A-98C61297023C}.Release|Any CPU.ActiveCfg = Release|Any CPU
		{854F55E4-8379-4873-AC9A-98C61297023C}.Release|Any CPU.Build.0 = Release|Any CPU
		{D95C5EE4-9179-411C-AA1E-70C0C03EF768}.Debug|Any CPU.ActiveCfg = Debug|Any CPU
		{D95C5EE4-9179-411C-AA1E-70C0C03EF768}.Debug|Any CPU.Build.0 = Debug|Any CPU
		{D95C5EE4-9179-411C-AA1E-70C0C03EF768}.Release|Any CPU.ActiveCfg = Release|Any CPU
		{D95C5EE4-9179-411C-AA1E-70C0C03EF768}.Release|Any CPU.Build.0 = Release|Any CPU
		{99E30C86-82AD-4047-8C96-1135DB6D5D84}.Debug|Any CPU.ActiveCfg = Debug|Any CPU
		{99E30C86-82AD-4047-8C96-1135DB6D5D84}.Debug|Any CPU.Build.0 = Debug|Any CPU
		{99E30C86-82AD-4047-8C96-1135DB6D5D84}.Release|Any CPU.ActiveCfg = Release|Any CPU
		{99E30C86-82AD-4047-8C96-1135DB6D5D84}.Release|Any CPU.Build.0 = Release|Any CPU
		{A88A64F8-E9B1-43EF-A9D0-C82B538FE9C6}.Debug|Any CPU.ActiveCfg = Debug|Any CPU
		{A88A64F8-E9B1-43EF-A9D0-C82B538FE9C6}.Debug|Any CPU.Build.0 = Debug|Any CPU
		{A88A64F8-E9B1-43EF-A9D0-C82B538FE9C6}.Release|Any CPU.ActiveCfg = Release|Any CPU
		{A88A64F8-E9B1-43EF-A9D0-C82B538FE9C6}.Release|Any CPU.Build.0 = Release|Any CPU
		{CD1F1B76-DF60-4519-AFD9-E080E66BBB14}.Debug|Any CPU.ActiveCfg = Debug|Any CPU
		{CD1F1B76-DF60-4519-AFD9-E080E66BBB14}.Debug|Any CPU.Build.0 = Debug|Any CPU
		{CD1F1B76-DF60-4519-AFD9-E080E66BBB14}.Release|Any CPU.ActiveCfg = Release|Any CPU
		{CD1F1B76-DF60-4519-AFD9-E080E66BBB14}.Release|Any CPU.Build.0 = Release|Any CPU
		{36B344F1-122D-48E7-8063-005B8BC92190}.Debug|Any CPU.ActiveCfg = Debug|Any CPU
		{36B344F1-122D-48E7-8063-005B8BC92190}.Debug|Any CPU.Build.0 = Debug|Any CPU
		{36B344F1-122D-48E7-8063-005B8BC92190}.Release|Any CPU.ActiveCfg = Release|Any CPU
		{36B344F1-122D-48E7-8063-005B8BC92190}.Release|Any CPU.Build.0 = Release|Any CPU
	EndGlobalSection
	GlobalSection(SolutionProperties) = preSolution
		HideSolutionNode = FALSE
	EndGlobalSection
	GlobalSection(NestedProjects) = preSolution
		{3A53B9F6-042A-4C79-B034-5F54851B4D7B} = {326E843B-428E-4E65-ADF2-25461012C70D}
		{6E11886A-4163-4AB8-B41B-B4BFE18196B9} = {2ECD7815-2723-4CF1-87AA-B130756ACFCC}
		{854F55E4-8379-4873-AC9A-98C61297023C} = {47126F73-BD37-40F0-B64F-03E70A9188C9}
		{D95C5EE4-9179-411C-AA1E-70C0C03EF768} = {47126F73-BD37-40F0-B64F-03E70A9188C9}
		{99E30C86-82AD-4047-8C96-1135DB6D5D84} = {C77E9193-11E7-4268-AB9A-CF8FC502E20C}
		{A88A64F8-E9B1-43EF-A9D0-C82B538FE9C6} = {740C18EE-0B6F-4D73-8F8D-172D679E4762}
		{CD1F1B76-DF60-4519-AFD9-E080E66BBB14} = {B8ADAF35-8BF8-42D2-A2ED-F56890C46E18}
		{36B344F1-122D-48E7-8063-005B8BC92190} = {B8ADAF35-8BF8-42D2-A2ED-F56890C46E18}
	EndGlobalSection
EndGlobal
